
Microsoft Visual Studio Solution File, Format Version 12.00
# Visual Studio 15
Project("{FAE04EC0-301F-11D3-BF4B-00C04F79EFBC}") = "AsyncDemo_StudentTask.Android", "AsyncDemo_StudentTask.Android\AsyncDemo_StudentTask.Android.csproj", "{C6575E1C-E2D6-465A-80D0-BBF91426B50D}"
EndProject
Project("{FAE04EC0-301F-11D3-BF4B-00C04F79EFBC}") = "AsyncDemo_StudentTask.iOS", "AsyncDemo_StudentTask.iOS\AsyncDemo_StudentTask.iOS.csproj", "{9642EE6F-C876-4837-B98C-8F71D04547A9}"
EndProject
Project("{FAE04EC0-301F-11D3-BF4B-00C04F79EFBC}") = "AsyncDemo_StudentTask", "AsyncDemo_StudentTask\AsyncDemo_StudentTask.csproj", "{3568DBCD-FC1B-45EA-A140-22FDAB94C17D}"
EndProject
Global
	GlobalSection(SolutionConfigurationPlatforms) = preSolution
		Debug|Any CPU = Debug|Any CPU
		Release|Any CPU = Release|Any CPU
		Debug|iPhoneSimulator = Debug|iPhoneSimulator
		Release|iPhoneSimulator = Release|iPhoneSimulator
		Debug|iPhone = Debug|iPhone
		Release|iPhone = Release|iPhone
		Ad-Hoc|iPhone = Ad-Hoc|iPhone
		AppStore|iPhone = AppStore|iPhone
	EndGlobalSection
	GlobalSection(ProjectConfigurationPlatforms) = postSolution
		{C6575E1C-E2D6-465A-80D0-BBF91426B50D}.Debug|Any CPU.ActiveCfg = Debug|Any CPU
		{C6575E1C-E2D6-465A-80D0-BBF91426B50D}.Debug|Any CPU.Build.0 = Debug|Any CPU
		{C6575E1C-E2D6-465A-80D0-BBF91426B50D}.Release|Any CPU.ActiveCfg = Release|Any CPU
		{C6575E1C-E2D6-465A-80D0-BBF91426B50D}.Release|Any CPU.Build.0 = Release|Any CPU
		{C6575E1C-E2D6-465A-80D0-BBF91426B50D}.Debug|iPhoneSimulator.ActiveCfg = Debug|Any CPU
		{C6575E1C-E2D6-465A-80D0-BBF91426B50D}.Debug|iPhoneSimulator.Build.0 = Debug|Any CPU
		{C6575E1C-E2D6-465A-80D0-BBF91426B50D}.Release|iPhoneSimulator.ActiveCfg = Release|Any CPU
		{C6575E1C-E2D6-465A-80D0-BBF91426B50D}.Release|iPhoneSimulator.Build.0 = Release|Any CPU
		{C6575E1C-E2D6-465A-80D0-BBF91426B50D}.Debug|iPhone.ActiveCfg = Debug|Any CPU
		{C6575E1C-E2D6-465A-80D0-BBF91426B50D}.Debug|iPhone.Build.0 = Debug|Any CPU
		{C6575E1C-E2D6-465A-80D0-BBF91426B50D}.Release|iPhone.ActiveCfg = Release|Any CPU
		{C6575E1C-E2D6-465A-80D0-BBF91426B50D}.Release|iPhone.Build.0 = Release|Any CPU
		{C6575E1C-E2D6-465A-80D0-BBF91426B50D}.Ad-Hoc|iPhone.ActiveCfg = Debug|Any CPU
		{C6575E1C-E2D6-465A-80D0-BBF91426B50D}.Ad-Hoc|iPhone.Build.0 = Debug|Any CPU
		{C6575E1C-E2D6-465A-80D0-BBF91426B50D}.AppStore|iPhone.ActiveCfg = Debug|Any CPU
		{C6575E1C-E2D6-465A-80D0-BBF91426B50D}.AppStore|iPhone.Build.0 = Debug|Any CPU
		{9642EE6F-C876-4837-B98C-8F71D04547A9}.Debug|Any CPU.ActiveCfg = Debug|iPhoneSimulator
		{9642EE6F-C876-4837-B98C-8F71D04547A9}.Debug|Any CPU.Build.0 = Debug|iPhoneSimulator
		{9642EE6F-C876-4837-B98C-8F71D04547A9}.Release|Any CPU.ActiveCfg = Release|iPhoneSimulator
		{9642EE6F-C876-4837-B98C-8F71D04547A9}.Release|Any CPU.Build.0 = Release|iPhoneSimulator
		{9642EE6F-C876-4837-B98C-8F71D04547A9}.Debug|iPhoneSimulator.ActiveCfg = Debug|iPhoneSimulator
		{9642EE6F-C876-4837-B98C-8F71D04547A9}.Debug|iPhoneSimulator.Build.0 = Debug|iPhoneSimulator
		{9642EE6F-C876-4837-B98C-8F71D04547A9}.Release|iPhoneSimulator.ActiveCfg = Release|iPhoneSimulator
		{9642EE6F-C876-4837-B98C-8F71D04547A9}.Release|iPhoneSimulator.Build.0 = Release|iPhoneSimulator
		{9642EE6F-C876-4837-B98C-8F71D04547A9}.Debug|iPhone.ActiveCfg = Debug|iPhone
		{9642EE6F-C876-4837-B98C-8F71D04547A9}.Debug|iPhone.Build.0 = Debug|iPhone
		{9642EE6F-C876-4837-B98C-8F71D04547A9}.Release|iPhone.ActiveCfg = Release|iPhone
		{9642EE6F-C876-4837-B98C-8F71D04547A9}.Release|iPhone.Build.0 = Release|iPhone
		{9642EE6F-C876-4837-B98C-8F71D04547A9}.Ad-Hoc|iPhone.ActiveCfg = Ad-Hoc|iPhone
		{9642EE6F-C876-4837-B98C-8F71D04547A9}.Ad-Hoc|iPhone.Build.0 = Ad-Hoc|iPhone
		{9642EE6F-C876-4837-B98C-8F71D04547A9}.AppStore|iPhone.ActiveCfg = AppStore|iPhone
		{9642EE6F-C876-4837-B98C-8F71D04547A9}.AppStore|iPhone.Build.0 = AppStore|iPhone
		{3568DBCD-FC1B-45EA-A140-22FDAB94C17D}.Debug|Any CPU.ActiveCfg = Debug|Any CPU
		{3568DBCD-FC1B-45EA-A140-22FDAB94C17D}.Debug|Any CPU.Build.0 = Debug|Any CPU
		{3568DBCD-FC1B-45EA-A140-22FDAB94C17D}.Release|Any CPU.ActiveCfg = Release|Any CPU
		{3568DBCD-FC1B-45EA-A140-22FDAB94C17D}.Release|Any CPU.Build.0 = Release|Any CPU
		{3568DBCD-FC1B-45EA-A140-22FDAB94C17D}.Debug|iPhoneSimulator.ActiveCfg = Debug|Any CPU
		{3568DBCD-FC1B-45EA-A140-22FDAB94C17D}.Debug|iPhoneSimulator.Build.0 = Debug|Any CPU
		{3568DBCD-FC1B-45EA-A140-22FDAB94C17D}.Release|iPhoneSimulator.ActiveCfg = Release|Any CPU
		{3568DBCD-FC1B-45EA-A140-22FDAB94C17D}.Release|iPhoneSimulator.Build.0 = Release|Any CPU
		{3568DBCD-FC1B-45EA-A140-22FDAB94C17D}.Debug|iPhone.ActiveCfg = Debug|Any CPU
		{3568DBCD-FC1B-45EA-A140-22FDAB94C17D}.Debug|iPhone.Build.0 = Debug|Any CPU
		{3568DBCD-FC1B-45EA-A140-22FDAB94C17D}.Release|iPhone.ActiveCfg = Release|Any CPU
		{3568DBCD-FC1B-45EA-A140-22FDAB94C17D}.Release|iPhone.Build.0 = Release|Any CPU
		{3568DBCD-FC1B-45EA-A140-22FDAB94C17D}.Ad-Hoc|iPhone.ActiveCfg = Debug|Any CPU
		{3568DBCD-FC1B-45EA-A140-22FDAB94C17D}.Ad-Hoc|iPhone.Build.0 = Debug|Any CPU
		{3568DBCD-FC1B-45EA-A140-22FDAB94C17D}.AppStore|iPhone.ActiveCfg = Debug|Any CPU
		{3568DBCD-FC1B-45EA-A140-22FDAB94C17D}.AppStore|iPhone.Build.0 = Debug|Any CPU
	EndGlobalSection
EndGlobal
